{
  "version": 4,
  "terraform_version": "1.3.7",
  "serial": 374,
  "lineage": "5805c19d-dc55-84de-5fb0-fbfe440405e5",
  "outputs": {},
  "resources": [
    {
      "module": "module.CLUSTER",
      "mode": "managed",
      "type": "google_container_cluster",
      "name": "primary",
      "provider": "provider[\"registry.terraform.io/hashicorp/google\"]",
      "instances": [
        {
          "schema_version": 1,
          "attributes": {
            "addons_config": [
              {
                "cloudrun_config": [],
                "config_connector_config": [],
                "dns_cache_config": [],
                "gce_persistent_disk_csi_driver_config": [
                  {
                    "enabled": true
                  }
                ],
                "gcp_filestore_csi_driver_config": [],
                "gke_backup_agent_config": [],
                "horizontal_pod_autoscaling": [],
                "http_load_balancing": [],
                "network_policy_config": [
                  {
                    "disabled": true
                  }
                ]
              }
            ],
            "authenticator_groups_config": [],
            "binary_authorization": [
              {
                "enabled": false,
                "evaluation_mode": ""
              }
            ],
            "cluster_autoscaling": [
              {
                "auto_provisioning_defaults": [],
                "enabled": false,
                "resource_limits": []
              }
            ],
            "cluster_ipv4_cidr": "10.144.0.0/14",
            "confidential_nodes": [],
            "cost_management_config": [],
            "database_encryption": [
              {
                "key_name": "",
                "state": "DECRYPTED"
              }
            ],
            "datapath_provider": "",
            "default_max_pods_per_node": 110,
            "default_snat_status": [
              {
                "disabled": false
              }
            ],
            "description": "",
            "dns_config": [],
            "enable_autopilot": false,
            "enable_binary_authorization": false,
            "enable_intranode_visibility": false,
            "enable_kubernetes_alpha": false,
            "enable_l4_ilb_subsetting": false,
            "enable_legacy_abac": false,
            "enable_shielded_nodes": true,
            "enable_tpu": false,
            "endpoint": "172.16.0.2",
            "gateway_api_config": [],
            "id": "projects/abdelrahman-ahmed-iti-project/locations/us-central1/clusters/my-gke-cluster",
            "initial_node_count": 1,
            "ip_allocation_policy": [
              {
                "cluster_ipv4_cidr_block": "10.144.0.0/14",
                "cluster_secondary_range_name": "gke-my-gke-cluster-pods-f3decea7",
                "services_ipv4_cidr_block": "10.148.0.0/20",
                "services_secondary_range_name": "gke-my-gke-cluster-services-f3decea7"
              }
            ],
            "label_fingerprint": "a9dc16a7",
            "location": "us-central1",
            "logging_config": [
              {
                "enable_components": [
                  "SYSTEM_COMPONENTS",
                  "WORKLOADS"
                ]
              }
            ],
            "logging_service": "logging.googleapis.com/kubernetes",
            "maintenance_policy": [],
            "master_auth": [
              {
                "client_certificate": "",
                "client_certificate_config": [
                  {
                    "issue_client_certificate": false
                  }
                ],
                "client_key": "",
                "cluster_ca_certificate": "LS0tLS1CRUdJTiBDRVJUSUZJQ0FURS0tLS0tCk1JSUVMRENDQXBTZ0F3SUJBZ0lRTkNERDlWdjNoOXZINDNJTlFiWlNDVEFOQmdrcWhraUc5dzBCQVFzRkFEQXYKTVMwd0t3WURWUVFERXlRNFkyRTVPVGsyTmkweU1HRTNMVFJrWmpFdE9XWTVNUzFpWkdZNE16QmxOR1V5Wm1JdwpJQmNOTWpNd01qQTRNVE16TlRVNVdoZ1BNakExTXpBeE16RXhORE0xTlRsYU1DOHhMVEFyQmdOVkJBTVRKRGhqCllUazVPVFkyTFRJd1lUY3ROR1JtTVMwNVpqa3hMV0prWmpnek1HVTBaVEptWWpDQ0FhSXdEUVlKS29aSWh2Y04KQVFFQkJRQURnZ0dQQURDQ0FZb0NnZ0dCQUxlWDh4M0FYMUNKNlgycGpiS3NVSTlxd0ZUY0pNYWlvK3FRbm50RQphSHFDV0x2d3Jjc3ZWRHYvOFZyejIrRnJMcUY5RHlCS1J1V0x2Rk5nU3ZqN2RYOVBjRTl1VDMzWlJRWlFJdE1oCnQ2L3VnU2N2SVovMjZTTWlQNmFMWlcvK1pKczdlOVpsdE9scTJNNTlndlp3SE8rdzFCZlY5UGEzakxxbUVVTjcKRTV4TVhRZGdoeXBpcXM3cVpiamVUMURaeFBWNVhHblBHTlZuaHBTbXFZeTMvdGIwazNnc3IrM1ROOXI1d0hncgpzbmk0a2hBRWRZekx5Q284bENCeFExcno0VEJlZVhqTHZwTzBHVnVUSmQ5ZjN0ZjdaeEtxVHVFc1dCZ0JWL21KCnN4d05NMHRPVzNTbzdRUWllVmp3SEFwcjFIclIrSWU0dDFlZFVDVVBVWUl0TVZGdUhMWXdoQ0wwMWk1RDloTDEKRjg0Ky9EaE1raCtoSlkyWXhTaTlnV0VUL0ttbnFIZHpVZFpMdjZVekdidDlKK1AyR09tR3M4ckVLdXdXOC9EeApXY1p2d2tDU1hLZHdRdzEva3VsTGp5UzY1eFJENkdLbnpiR2kyYVRsNDhqZjlPNXROalJWMjNnM3BXVlB5MFRSCmMwdW16Y3RUcWR5UC9DWU1UTUYxaFhHYml3SURBUUFCbzBJd1FEQU9CZ05WSFE4QkFmOEVCQU1DQWdRd0R3WUQKVlIwVEFRSC9CQVV3QXdFQi96QWRCZ05WSFE0RUZnUVVMTm5LTDAyUG9PRXQ3M1NzaTBHYkxkWjFWOWd3RFFZSgpLb1pJaHZjTkFRRUxCUUFEZ2dHQkFBNE5aZ3RtWWQvbzh4WW1jdVM0bWtmSjBPV080WkZaUXRuM0hsY0NqcFZPCmpnWnZLOUhVOFhWVXlhWUJqSlJ0aVZYR3Z5ZzBUb2ppOCtxMVp4L1ZEVTQxMWZ3U3gxdm8zWHROZkZVbkFUOHEKUDc4ZlErQlhzR1BUdnpNMElDQk1Id0hBTkw3b0NUUEhxNTYxaGpIYjM2SzU4bDUxZldDZVVyQk5aTEwrS1lzYworeTNqS1BNdHpnVDlLMzh1cmVYUzdmVFZWU1JCMldhYWI5NGdYMWt2V0RLYWoxOVFCcHhuRi9SaEx5eG95aHkrClBEZ21PV0U2dnhrd291Y2x6MDhUK3JrVlBFNWNWREtFODVQZXFHM1lXbXRodEZJcWc2L2FSVUZ2QlV4Z2FhaFQKYXZ0eE1XSnQ2cllCWCtQa1ZFcGJHbzZlckRRcTBNL0lUdzFLWXRFQk9zKytlblVuRExYQXF1YWQzd0dlcE5iaApNWitJM2ZEOXdKdmdCUG1XWk83VEJmNlFuV0JDeG5XMktmcXdOZGhUa1lrc1dqOTN5OXlGY3VKenkwV3EzdmdrCmpzdzhBVExWTmd4S2dyN0VCYWg2RlFKVUpZQkRiSDRIbll3ZXRkYmhWc0kwaEZVR01hL3FtVk83K0JZeXRsYVUKT1JYc1FxSHlGaGlLRjBGa1R4NVhjZz09Ci0tLS0tRU5EIENFUlRJRklDQVRFLS0tLS0K"
              }
            ],
            "master_authorized_networks_config": [
              {
                "cidr_blocks": [
                  {
                    "cidr_block": "10.0.0.0/24",
                    "display_name": "External Control Plane access by management subnet"
                  }
                ],
                "gcp_public_cidrs_access_enabled": false
              }
            ],
            "master_version": "1.24.8-gke.2000",
            "mesh_certificates": [],
            "min_master_version": null,
            "monitoring_config": [
              {
                "enable_components": [
                  "SYSTEM_COMPONENTS"
                ],
                "managed_prometheus": []
              }
            ],
            "monitoring_service": "monitoring.googleapis.com/kubernetes",
            "name": "my-gke-cluster",
            "network": "projects/abdelrahman-ahmed-iti-project/global/networks/gcp-network",
            "network_policy": [
              {
                "enabled": false,
                "provider": "PROVIDER_UNSPECIFIED"
              }
            ],
            "networking_mode": "VPC_NATIVE",
            "node_config": [
              {
                "boot_disk_kms_key": "",
                "disk_size_gb": 100,
                "disk_type": "pd-balanced",
                "gcfs_config": [],
                "guest_accelerator": [],
                "gvnic": [],
                "image_type": "COS_CONTAINERD",
                "kubelet_config": [],
                "labels": {},
                "linux_node_config": [],
                "local_ssd_count": 0,
                "logging_variant": "DEFAULT",
                "machine_type": "e2-micro",
                "metadata": {
                  "disable-legacy-endpoints": "true"
                },
                "min_cpu_platform": "",
                "node_group": "",
                "oauth_scopes": [
                  "https://www.googleapis.com/auth/cloud-platform"
                ],
                "preemptible": true,
                "reservation_affinity": [],
                "resource_labels": {},
                "service_account": "service-account-id@abdelrahman-ahmed-iti-project.iam.gserviceaccount.com",
                "shielded_instance_config": [
                  {
                    "enable_integrity_monitoring": true,
                    "enable_secure_boot": false
                  }
                ],
                "spot": false,
                "tags": [],
                "taint": [],
                "workload_metadata_config": []
              }
            ],
            "node_locations": [
              "us-central1-a",
              "us-central1-b",
              "us-central1-f"
            ],
            "node_pool": [
              {
                "autoscaling": [],
                "initial_node_count": 1,
                "instance_group_urls": [
                  "https://www.googleapis.com/compute/v1/projects/abdelrahman-ahmed-iti-project/zones/us-central1-a/instanceGroupManagers/gke-my-gke-cluster-my-node-pool-a338ae89-grp",
                  "https://www.googleapis.com/compute/v1/projects/abdelrahman-ahmed-iti-project/zones/us-central1-f/instanceGroupManagers/gke-my-gke-cluster-my-node-pool-43d8a1d4-grp",
                  "https://www.googleapis.com/compute/v1/projects/abdelrahman-ahmed-iti-project/zones/us-central1-b/instanceGroupManagers/gke-my-gke-cluster-my-node-pool-3e61a55b-grp"
                ],
                "managed_instance_group_urls": [
                  "https://www.googleapis.com/compute/v1/projects/abdelrahman-ahmed-iti-project/zones/us-central1-a/instanceGroups/gke-my-gke-cluster-my-node-pool-a338ae89-grp",
                  "https://www.googleapis.com/compute/v1/projects/abdelrahman-ahmed-iti-project/zones/us-central1-f/instanceGroups/gke-my-gke-cluster-my-node-pool-43d8a1d4-grp",
                  "https://www.googleapis.com/compute/v1/projects/abdelrahman-ahmed-iti-project/zones/us-central1-b/instanceGroups/gke-my-gke-cluster-my-node-pool-3e61a55b-grp"
                ],
                "management": [
                  {
                    "auto_repair": true,
                    "auto_upgrade": true
                  }
                ],
                "max_pods_per_node": 110,
                "name": "my-node-pool",
                "name_prefix": "",
                "network_config": [
                  {
                    "create_pod_range": false,
                    "enable_private_nodes": false,
                    "pod_ipv4_cidr_block": "10.144.0.0/14",
                    "pod_range": "gke-my-gke-cluster-pods-f3decea7"
                  }
                ],
                "node_config": [
                  {
                    "boot_disk_kms_key": "",
                    "disk_size_gb": 100,
                    "disk_type": "pd-balanced",
                    "gcfs_config": [],
                    "guest_accelerator": [],
                    "gvnic": [],
                    "image_type": "COS_CONTAINERD",
                    "kubelet_config": [],
                    "labels": {},
                    "linux_node_config": [],
                    "local_ssd_count": 0,
                    "logging_variant": "DEFAULT",
                    "machine_type": "e2-micro",
                    "metadata": {
                      "disable-legacy-endpoints": "true"
                    },
                    "min_cpu_platform": "",
                    "node_group": "",
                    "oauth_scopes": [
                      "https://www.googleapis.com/auth/cloud-platform"
                    ],
                    "preemptible": true,
                    "reservation_affinity": [],
                    "resource_labels": {},
                    "service_account": "service-account-id@abdelrahman-ahmed-iti-project.iam.gserviceaccount.com",
                    "shielded_instance_config": [
                      {
                        "enable_integrity_monitoring": true,
                        "enable_secure_boot": false
                      }
                    ],
                    "spot": false,
                    "tags": [],
                    "taint": [],
                    "workload_metadata_config": []
                  }
                ],
                "node_count": 1,
                "node_locations": [
                  "us-central1-a",
                  "us-central1-b",
                  "us-central1-f"
                ],
                "placement_policy": [],
                "upgrade_settings": [
                  {
                    "blue_green_settings": [],
                    "max_surge": 1,
                    "max_unavailable": 0,
                    "strategy": "SURGE"
                  }
                ],
                "version": "1.24.8-gke.2000"
              }
            ],
            "node_pool_defaults": [
              {
                "node_config_defaults": [
                  {
                    "logging_variant": "DEFAULT"
                  }
                ]
              }
            ],
            "node_version": "1.24.8-gke.2000",
            "notification_config": [
              {
                "pubsub": [
                  {
                    "enabled": false,
                    "filter": [],
                    "topic": ""
                  }
                ]
              }
            ],
            "operation": null,
            "private_cluster_config": [
              {
                "enable_private_endpoint": true,
                "enable_private_nodes": true,
                "master_global_access_config": [
                  {
                    "enabled": false
                  }
                ],
                "master_ipv4_cidr_block": "172.16.0.0/28",
                "peering_name": "gke-nea1623d8753b5383fcf-8a97-a055-peer",
                "private_endpoint": "172.16.0.2",
                "private_endpoint_subnetwork": "",
                "public_endpoint": "35.232.44.222"
              }
            ],
            "private_ipv6_google_access": "",
            "project": "abdelrahman-ahmed-iti-project",
            "release_channel": [
              {
                "channel": "REGULAR"
              }
            ],
            "remove_default_node_pool": true,
            "resource_labels": {},
            "resource_usage_export_config": [],
            "self_link": "https://container.googleapis.com/v1/projects/abdelrahman-ahmed-iti-project/locations/us-central1/clusters/my-gke-cluster",
            "service_external_ips_config": [
              {
                "enabled": false
              }
            ],
            "services_ipv4_cidr": "10.148.0.0/20",
            "subnetwork": "projects/abdelrahman-ahmed-iti-project/regions/us-central1/subnetworks/restricted-subnet",
            "timeouts": null,
            "tpu_ipv4_cidr_block": "",
            "vertical_pod_autoscaling": [],
            "workload_identity_config": []
          },
          "sensitive_attributes": [],
          "private": "eyJlMmJmYjczMC1lY2FhLTExZTYtOGY4OC0zNDM2M2JjN2M0YzAiOnsiY3JlYXRlIjoyNDAwMDAwMDAwMDAwLCJkZWxldGUiOjI0MDAwMDAwMDAwMDAsInJlYWQiOjI0MDAwMDAwMDAwMDAsInVwZGF0ZSI6MzYwMDAwMDAwMDAwMH0sInNjaGVtYV92ZXJzaW9uIjoiMSJ9",
          "dependencies": [
            "module.VPC.google_compute_network.vpc_network",
            "module.VPC.google_compute_subnetwork.management_subnet",
            "module.VPC.google_compute_subnetwork.restricted_subnet"
          ]
        }
      ]
    },
    {
      "module": "module.CLUSTER",
      "mode": "managed",
      "type": "google_container_node_pool",
      "name": "primary_preemptible_nodes",
      "provider": "provider[\"registry.terraform.io/hashicorp/google\"]",
      "instances": [
        {
          "schema_version": 1,
          "attributes": {
            "autoscaling": [],
            "cluster": "my-gke-cluster",
            "id": "projects/abdelrahman-ahmed-iti-project/locations/us-central1/clusters/my-gke-cluster/nodePools/my-node-pool",
            "initial_node_count": 1,
            "instance_group_urls": [
              "https://www.googleapis.com/compute/v1/projects/abdelrahman-ahmed-iti-project/zones/us-central1-a/instanceGroupManagers/gke-my-gke-cluster-my-node-pool-a338ae89-grp",
              "https://www.googleapis.com/compute/v1/projects/abdelrahman-ahmed-iti-project/zones/us-central1-f/instanceGroupManagers/gke-my-gke-cluster-my-node-pool-43d8a1d4-grp",
              "https://www.googleapis.com/compute/v1/projects/abdelrahman-ahmed-iti-project/zones/us-central1-b/instanceGroupManagers/gke-my-gke-cluster-my-node-pool-3e61a55b-grp"
            ],
            "location": "us-central1",
            "managed_instance_group_urls": [
              "https://www.googleapis.com/compute/v1/projects/abdelrahman-ahmed-iti-project/zones/us-central1-a/instanceGroups/gke-my-gke-cluster-my-node-pool-a338ae89-grp",
              "https://www.googleapis.com/compute/v1/projects/abdelrahman-ahmed-iti-project/zones/us-central1-f/instanceGroups/gke-my-gke-cluster-my-node-pool-43d8a1d4-grp",
              "https://www.googleapis.com/compute/v1/projects/abdelrahman-ahmed-iti-project/zones/us-central1-b/instanceGroups/gke-my-gke-cluster-my-node-pool-3e61a55b-grp"
            ],
            "management": [
              {
                "auto_repair": true,
                "auto_upgrade": true
              }
            ],
            "max_pods_per_node": 110,
            "name": "my-node-pool",
            "name_prefix": "",
            "network_config": [
              {
                "create_pod_range": false,
                "enable_private_nodes": false,
                "pod_ipv4_cidr_block": "10.144.0.0/14",
                "pod_range": "gke-my-gke-cluster-pods-f3decea7"
              }
            ],
            "node_config": [
              {
                "boot_disk_kms_key": "",
                "disk_size_gb": 100,
                "disk_type": "pd-balanced",
                "gcfs_config": [],
                "guest_accelerator": [],
                "gvnic": [],
                "image_type": "COS_CONTAINERD",
                "kubelet_config": [],
                "labels": {},
                "linux_node_config": [],
                "local_ssd_count": 0,
                "logging_variant": "DEFAULT",
                "machine_type": "e2-micro",
                "metadata": {
                  "disable-legacy-endpoints": "true"
                },
                "min_cpu_platform": "",
                "node_group": "",
                "oauth_scopes": [
                  "https://www.googleapis.com/auth/cloud-platform"
                ],
                "preemptible": true,
                "reservation_affinity": [],
                "resource_labels": {},
                "service_account": "service-account-id@abdelrahman-ahmed-iti-project.iam.gserviceaccount.com",
                "shielded_instance_config": [
                  {
                    "enable_integrity_monitoring": true,
                    "enable_secure_boot": false
                  }
                ],
                "spot": false,
                "tags": [],
                "taint": [],
                "workload_metadata_config": []
              }
            ],
            "node_count": 1,
            "node_locations": [
              "us-central1-a",
              "us-central1-b",
              "us-central1-f"
            ],
            "operation": null,
            "placement_policy": [],
            "project": "abdelrahman-ahmed-iti-project",
            "timeouts": null,
            "upgrade_settings": [
              {
                "blue_green_settings": [],
                "max_surge": 1,
                "max_unavailable": 0,
                "strategy": "SURGE"
              }
            ],
            "version": "1.24.8-gke.2000"
          },
          "sensitive_attributes": [],
          "private": "eyJlMmJmYjczMC1lY2FhLTExZTYtOGY4OC0zNDM2M2JjN2M0YzAiOnsiY3JlYXRlIjoxODAwMDAwMDAwMDAwLCJkZWxldGUiOjE4MDAwMDAwMDAwMDAsInVwZGF0ZSI6MTgwMDAwMDAwMDAwMH0sInNjaGVtYV92ZXJzaW9uIjoiMSJ9",
          "dependencies": [
            "module.CLUSTER.google_container_cluster.primary",
            "module.CLUSTER.google_service_account.default",
            "module.VPC.google_compute_network.vpc_network",
            "module.VPC.google_compute_subnetwork.management_subnet",
            "module.VPC.google_compute_subnetwork.restricted_subnet"
          ]
        }
      ]
    },
    {
      "module": "module.CLUSTER",
      "mode": "managed",
      "type": "google_project_iam_member",
      "name": "roles-to-sa",
      "provider": "provider[\"registry.terraform.io/hashicorp/google\"]",
      "instances": [
        {
          "schema_version": 0,
          "attributes": {
            "condition": [],
            "etag": "BwX0MSyyduM=",
            "id": "abdelrahman-ahmed-iti-project/roles/storage.objectViewer/serviceAccount:service-account-id@abdelrahman-ahmed-iti-project.iam.gserviceaccount.com",
            "member": "serviceAccount:service-account-id@abdelrahman-ahmed-iti-project.iam.gserviceaccount.com",
            "project": "abdelrahman-ahmed-iti-project",
            "role": "roles/storage.objectViewer"
          },
          "sensitive_attributes": [],
          "private": "bnVsbA==",
          "dependencies": [
            "module.CLUSTER.google_service_account.default"
          ]
        }
      ]
    },
    {
      "module": "module.CLUSTER",
      "mode": "managed",
      "type": "google_service_account",
      "name": "default",
      "provider": "provider[\"registry.terraform.io/hashicorp/google\"]",
      "instances": [
        {
          "schema_version": 0,
          "attributes": {
            "account_id": "service-account-id",
            "description": "",
            "disabled": false,
            "display_name": "Service Account",
            "email": "service-account-id@abdelrahman-ahmed-iti-project.iam.gserviceaccount.com",
            "id": "projects/abdelrahman-ahmed-iti-project/serviceAccounts/service-account-id@abdelrahman-ahmed-iti-project.iam.gserviceaccount.com",
            "member": "serviceAccount:service-account-id@abdelrahman-ahmed-iti-project.iam.gserviceaccount.com",
            "name": "projects/abdelrahman-ahmed-iti-project/serviceAccounts/service-account-id@abdelrahman-ahmed-iti-project.iam.gserviceaccount.com",
            "project": "abdelrahman-ahmed-iti-project",
            "timeouts": null,
            "unique_id": "106092899898341198307"
          },
          "sensitive_attributes": [],
          "private": "eyJlMmJmYjczMC1lY2FhLTExZTYtOGY4OC0zNDM2M2JjN2M0YzAiOnsiY3JlYXRlIjozMDAwMDAwMDAwMDB9fQ=="
        }
      ]
    },
    {
      "module": "module.GCR",
      "mode": "managed",
      "type": "google_container_registry",
      "name": "registry",
      "provider": "provider[\"registry.terraform.io/hashicorp/google\"]",
      "instances": [
        {
          "schema_version": 0,
          "attributes": {
            "bucket_self_link": "https://www.googleapis.com/storage/v1/b/artifacts.abdelrahman-ahmed-iti-project.appspot.com",
            "id": "artifacts.abdelrahman-ahmed-iti-project.appspot.com",
            "location": null,
            "project": "abdelrahman-ahmed-iti-project"
          },
          "sensitive_attributes": [],
          "private": "bnVsbA=="
        }
      ]
    },
    {
      "module": "module.VM",
      "mode": "managed",
      "type": "google_compute_instance",
      "name": "VM",
      "provider": "provider[\"registry.terraform.io/hashicorp/google\"]",
      "instances": [
        {
          "schema_version": 6,
          "attributes": {
            "advanced_machine_features": [],
            "allow_stopping_for_update": null,
            "attached_disk": [],
            "boot_disk": [
              {
                "auto_delete": true,
                "device_name": "persistent-disk-0",
                "disk_encryption_key_raw": "",
                "disk_encryption_key_sha256": "",
                "initialize_params": [
                  {
                    "image": "https://www.googleapis.com/compute/v1/projects/debian-cloud/global/images/debian-11-bullseye-v20230206",
                    "labels": {
                      "my_label": "value"
                    },
                    "size": 10,
                    "type": "pd-standard"
                  }
                ],
                "kms_key_self_link": "",
                "mode": "READ_WRITE",
                "source": "https://www.googleapis.com/compute/v1/projects/abdelrahman-ahmed-iti-project/zones/us-central1-a/disks/vinstance"
              }
            ],
            "can_ip_forward": false,
            "confidential_instance_config": [],
            "cpu_platform": "Intel Broadwell",
            "current_status": "RUNNING",
            "deletion_protection": false,
            "description": "",
            "desired_status": null,
            "enable_display": false,
            "guest_accelerator": [],
            "hostname": "",
            "id": "projects/abdelrahman-ahmed-iti-project/zones/us-central1-a/instances/vinstance",
            "instance_id": "3218280794058261464",
            "label_fingerprint": "42WmSpB8rSM=",
            "labels": null,
            "machine_type": "e2-micro",
            "metadata": null,
            "metadata_fingerprint": "97nlinW6Lgk=",
            "metadata_startup_script": null,
            "min_cpu_platform": "",
            "name": "vinstance",
            "network_interface": [
              {
                "access_config": [],
                "alias_ip_range": [],
                "ipv6_access_config": [],
                "ipv6_access_type": "",
                "name": "nic0",
                "network": "https://www.googleapis.com/compute/v1/projects/abdelrahman-ahmed-iti-project/global/networks/gcp-network",
                "network_ip": "10.0.0.3",
                "nic_type": "",
                "queue_count": 0,
                "stack_type": "IPV4_ONLY",
                "subnetwork": "https://www.googleapis.com/compute/v1/projects/abdelrahman-ahmed-iti-project/regions/us-central1/subnetworks/management-subnet",
                "subnetwork_project": "abdelrahman-ahmed-iti-project"
              }
            ],
            "project": "abdelrahman-ahmed-iti-project",
            "reservation_affinity": [],
            "resource_policies": null,
            "scheduling": [
              {
                "automatic_restart": true,
                "instance_termination_action": "",
                "min_node_cpus": 0,
                "node_affinities": [],
                "on_host_maintenance": "MIGRATE",
                "preemptible": false,
                "provisioning_model": "STANDARD"
              }
            ],
            "scratch_disk": [],
            "self_link": "https://www.googleapis.com/compute/v1/projects/abdelrahman-ahmed-iti-project/zones/us-central1-a/instances/vinstance",
            "service_account": [
              {
                "email": "395144833704-compute@developer.gserviceaccount.com",
                "scopes": [
                  "https://www.googleapis.com/auth/cloud-platform"
                ]
              }
            ],
            "shielded_instance_config": [
              {
                "enable_integrity_monitoring": true,
                "enable_secure_boot": false,
                "enable_vtpm": true
              }
            ],
            "tags": null,
            "tags_fingerprint": "42WmSpB8rSM=",
            "timeouts": null,
            "zone": "us-central1-a"
          },
          "sensitive_attributes": [],
          "private": "eyJlMmJmYjczMC1lY2FhLTExZTYtOGY4OC0zNDM2M2JjN2M0YzAiOnsiY3JlYXRlIjoxMjAwMDAwMDAwMDAwLCJkZWxldGUiOjEyMDAwMDAwMDAwMDAsInVwZGF0ZSI6MTIwMDAwMDAwMDAwMH0sInNjaGVtYV92ZXJzaW9uIjoiNiJ9",
          "dependencies": [
            "module.VPC.google_compute_network.vpc_network",
            "module.VPC.google_compute_subnetwork.management_subnet"
          ]
        }
      ]
    },
    {
      "module": "module.VPC",
      "mode": "managed",
      "type": "google_compute_firewall",
      "name": "FW",
      "provider": "provider[\"registry.terraform.io/hashicorp/google\"]",
      "instances": [
        {
          "schema_version": 1,
          "attributes": {
            "allow": [
              {
                "ports": [
                  "0-65535"
                ],
                "protocol": "tcp"
              },
              {
                "ports": [],
                "protocol": "icmp"
              }
            ],
            "creation_timestamp": "2023-02-08T06:35:59.015-08:00",
            "deny": [],
            "description": "",
            "destination_ranges": [],
            "direction": "INGRESS",
            "disabled": false,
            "enable_logging": null,
            "id": "projects/abdelrahman-ahmed-iti-project/global/firewalls/test-firewall",
            "log_config": [],
            "name": "test-firewall",
            "network": "https://www.googleapis.com/compute/v1/projects/abdelrahman-ahmed-iti-project/global/networks/gcp-network",
            "priority": 1000,
            "project": "abdelrahman-ahmed-iti-project",
            "self_link": "https://www.googleapis.com/compute/v1/projects/abdelrahman-ahmed-iti-project/global/firewalls/test-firewall",
            "source_ranges": [
              "10.0.0.0/24"
            ],
            "source_service_accounts": [],
            "source_tags": [],
            "target_service_accounts": [],
            "target_tags": [],
            "timeouts": null
          },
          "sensitive_attributes": [],
          "private": "eyJlMmJmYjczMC1lY2FhLTExZTYtOGY4OC0zNDM2M2JjN2M0YzAiOnsiY3JlYXRlIjoxMjAwMDAwMDAwMDAwLCJkZWxldGUiOjEyMDAwMDAwMDAwMDAsInVwZGF0ZSI6MTIwMDAwMDAwMDAwMH0sInNjaGVtYV92ZXJzaW9uIjoiMSJ9",
          "dependencies": [
            "module.VPC.google_compute_network.vpc_network",
            "module.VPC.google_compute_subnetwork.management_subnet"
          ]
        }
      ]
    },
    {
      "module": "module.VPC",
      "mode": "managed",
      "type": "google_compute_firewall",
      "name": "FWSSH",
      "provider": "provider[\"registry.terraform.io/hashicorp/google\"]",
      "instances": [
        {
          "schema_version": 1,
          "attributes": {
            "allow": [
              {
                "ports": [
                  "22"
                ],
                "protocol": "tcp"
              },
              {
                "ports": [],
                "protocol": "icmp"
              }
            ],
            "creation_timestamp": "2023-02-08T06:35:59.001-08:00",
            "deny": [],
            "description": "",
            "destination_ranges": [],
            "direction": "INGRESS",
            "disabled": false,
            "enable_logging": null,
            "id": "projects/abdelrahman-ahmed-iti-project/global/firewalls/test-firewallssh",
            "log_config": [],
            "name": "test-firewallssh",
            "network": "https://www.googleapis.com/compute/v1/projects/abdelrahman-ahmed-iti-project/global/networks/gcp-network",
            "priority": 1000,
            "project": "abdelrahman-ahmed-iti-project",
            "self_link": "https://www.googleapis.com/compute/v1/projects/abdelrahman-ahmed-iti-project/global/firewalls/test-firewallssh",
            "source_ranges": [
              "0.0.0.0/0"
            ],
            "source_service_accounts": [],
            "source_tags": [],
            "target_service_accounts": [],
            "target_tags": [],
            "timeouts": null
          },
          "sensitive_attributes": [],
          "private": "eyJlMmJmYjczMC1lY2FhLTExZTYtOGY4OC0zNDM2M2JjN2M0YzAiOnsiY3JlYXRlIjoxMjAwMDAwMDAwMDAwLCJkZWxldGUiOjEyMDAwMDAwMDAwMDAsInVwZGF0ZSI6MTIwMDAwMDAwMDAwMH0sInNjaGVtYV92ZXJzaW9uIjoiMSJ9",
          "dependencies": [
            "module.VPC.google_compute_network.vpc_network"
          ]
        }
      ]
    },
    {
      "module": "module.VPC",
      "mode": "managed",
      "type": "google_compute_network",
      "name": "vpc_network",
      "provider": "provider[\"registry.terraform.io/hashicorp/google\"]",
      "instances": [
        {
          "schema_version": 0,
          "attributes": {
            "auto_create_subnetworks": false,
            "delete_default_routes_on_create": false,
            "description": "",
            "enable_ula_internal_ipv6": false,
            "gateway_ipv4": "",
            "id": "projects/abdelrahman-ahmed-iti-project/global/networks/gcp-network",
            "internal_ipv6_range": "",
            "mtu": 1460,
            "name": "gcp-network",
            "project": "abdelrahman-ahmed-iti-project",
            "routing_mode": "REGIONAL",
            "self_link": "https://www.googleapis.com/compute/v1/projects/abdelrahman-ahmed-iti-project/global/networks/gcp-network",
            "timeouts": null
          },
          "sensitive_attributes": [],
          "private": "eyJlMmJmYjczMC1lY2FhLTExZTYtOGY4OC0zNDM2M2JjN2M0YzAiOnsiY3JlYXRlIjoxMjAwMDAwMDAwMDAwLCJkZWxldGUiOjEyMDAwMDAwMDAwMDAsInVwZGF0ZSI6MTIwMDAwMDAwMDAwMH19"
        }
      ]
    },
    {
      "module": "module.VPC",
      "mode": "managed",
      "type": "google_compute_router",
      "name": "router",
      "provider": "provider[\"registry.terraform.io/hashicorp/google\"]",
      "instances": [
        {
          "schema_version": 0,
          "attributes": {
            "bgp": [
              {
                "advertise_mode": "DEFAULT",
                "advertised_groups": [],
                "advertised_ip_ranges": [],
                "asn": 64514,
                "keepalive_interval": 20
              }
            ],
            "creation_timestamp": "2023-02-08T06:35:58.888-08:00",
            "description": "",
            "encrypted_interconnect_router": false,
            "id": "projects/abdelrahman-ahmed-iti-project/regions/us-central1/routers/my-router",
            "name": "my-router",
            "network": "https://www.googleapis.com/compute/v1/projects/abdelrahman-ahmed-iti-project/global/networks/gcp-network",
            "project": "abdelrahman-ahmed-iti-project",
            "region": "us-central1",
            "self_link": "https://www.googleapis.com/compute/v1/projects/abdelrahman-ahmed-iti-project/regions/us-central1/routers/my-router",
            "timeouts": null
          },
          "sensitive_attributes": [],
          "private": "eyJlMmJmYjczMC1lY2FhLTExZTYtOGY4OC0zNDM2M2JjN2M0YzAiOnsiY3JlYXRlIjoxMjAwMDAwMDAwMDAwLCJkZWxldGUiOjEyMDAwMDAwMDAwMDAsInVwZGF0ZSI6MTIwMDAwMDAwMDAwMH19",
          "dependencies": [
            "module.VPC.google_compute_network.vpc_network",
            "module.VPC.google_compute_subnetwork.management_subnet"
          ]
        }
      ]
    },
    {
      "module": "module.VPC",
      "mode": "managed",
      "type": "google_compute_router_nat",
      "name": "nat",
      "provider": "provider[\"registry.terraform.io/hashicorp/google\"]",
      "instances": [
        {
          "schema_version": 0,
          "attributes": {
            "drain_nat_ips": [],
            "enable_dynamic_port_allocation": false,
            "enable_endpoint_independent_mapping": true,
            "icmp_idle_timeout_sec": 30,
            "id": "abdelrahman-ahmed-iti-project/us-central1/my-router/my-router-nat",
            "log_config": [],
            "max_ports_per_vm": 0,
            "min_ports_per_vm": 0,
            "name": "my-router-nat",
            "nat_ip_allocate_option": "AUTO_ONLY",
            "nat_ips": [],
            "project": "abdelrahman-ahmed-iti-project",
            "region": "us-central1",
            "router": "my-router",
            "rules": [],
            "source_subnetwork_ip_ranges_to_nat": "LIST_OF_SUBNETWORKS",
            "subnetwork": [
              {
                "name": "https://www.googleapis.com/compute/v1/projects/abdelrahman-ahmed-iti-project/regions/us-central1/subnetworks/management-subnet",
                "secondary_ip_range_names": [],
                "source_ip_ranges_to_nat": [
                  "ALL_IP_RANGES"
                ]
              }
            ],
            "tcp_established_idle_timeout_sec": 1200,
            "tcp_time_wait_timeout_sec": 120,
            "tcp_transitory_idle_timeout_sec": 30,
            "timeouts": null,
            "udp_idle_timeout_sec": 30
          },
          "sensitive_attributes": [],
          "private": "eyJlMmJmYjczMC1lY2FhLTExZTYtOGY4OC0zNDM2M2JjN2M0YzAiOnsiY3JlYXRlIjoxMjAwMDAwMDAwMDAwLCJkZWxldGUiOjEyMDAwMDAwMDAwMDAsInVwZGF0ZSI6MTIwMDAwMDAwMDAwMH19",
          "dependencies": [
            "module.VPC.google_compute_network.vpc_network",
            "module.VPC.google_compute_router.router",
            "module.VPC.google_compute_subnetwork.management_subnet"
          ]
        }
      ]
    },
    {
      "module": "module.VPC",
      "mode": "managed",
      "type": "google_compute_subnetwork",
      "name": "management_subnet",
      "provider": "provider[\"registry.terraform.io/hashicorp/google\"]",
      "instances": [
        {
          "schema_version": 0,
          "attributes": {
            "creation_timestamp": "2023-02-08T06:35:46.327-08:00",
            "description": "",
            "external_ipv6_prefix": "",
            "fingerprint": null,
            "gateway_address": "10.0.0.1",
            "id": "projects/abdelrahman-ahmed-iti-project/regions/us-central1/subnetworks/management-subnet",
            "ip_cidr_range": "10.0.0.0/24",
            "ipv6_access_type": "",
            "ipv6_cidr_range": "",
            "log_config": [],
            "name": "management-subnet",
            "network": "https://www.googleapis.com/compute/v1/projects/abdelrahman-ahmed-iti-project/global/networks/gcp-network",
            "private_ip_google_access": false,
            "private_ipv6_google_access": "DISABLE_GOOGLE_ACCESS",
            "project": "abdelrahman-ahmed-iti-project",
            "purpose": "PRIVATE",
            "region": "us-central1",
            "role": "",
            "secondary_ip_range": [],
            "self_link": "https://www.googleapis.com/compute/v1/projects/abdelrahman-ahmed-iti-project/regions/us-central1/subnetworks/management-subnet",
            "stack_type": "IPV4_ONLY",
            "timeouts": null
          },
          "sensitive_attributes": [],
          "private": "eyJlMmJmYjczMC1lY2FhLTExZTYtOGY4OC0zNDM2M2JjN2M0YzAiOnsiY3JlYXRlIjoxMjAwMDAwMDAwMDAwLCJkZWxldGUiOjEyMDAwMDAwMDAwMDAsInVwZGF0ZSI6MTIwMDAwMDAwMDAwMH19",
          "dependencies": [
            "module.VPC.google_compute_network.vpc_network"
          ]
        }
      ]
    },
    {
      "module": "module.VPC",
      "mode": "managed",
      "type": "google_compute_subnetwork",
      "name": "restricted_subnet",
      "provider": "provider[\"registry.terraform.io/hashicorp/google\"]",
      "instances": [
        {
          "schema_version": 0,
          "attributes": {
            "creation_timestamp": "2023-02-08T06:35:46.204-08:00",
            "description": "",
            "external_ipv6_prefix": "",
            "fingerprint": null,
            "gateway_address": "10.0.1.1",
            "id": "projects/abdelrahman-ahmed-iti-project/regions/us-central1/subnetworks/restricted-subnet",
            "ip_cidr_range": "10.0.1.0/24",
            "ipv6_access_type": "",
            "ipv6_cidr_range": "",
            "log_config": [],
            "name": "restricted-subnet",
            "network": "https://www.googleapis.com/compute/v1/projects/abdelrahman-ahmed-iti-project/global/networks/gcp-network",
            "private_ip_google_access": true,
            "private_ipv6_google_access": "DISABLE_GOOGLE_ACCESS",
            "project": "abdelrahman-ahmed-iti-project",
            "purpose": "PRIVATE",
            "region": "us-central1",
            "role": "",
            "secondary_ip_range": [
              {
                "ip_cidr_range": "10.144.0.0/14",
                "range_name": "gke-my-gke-cluster-pods-f3decea7"
              },
              {
                "ip_cidr_range": "10.148.0.0/20",
                "range_name": "gke-my-gke-cluster-services-f3decea7"
              }
            ],
            "self_link": "https://www.googleapis.com/compute/v1/projects/abdelrahman-ahmed-iti-project/regions/us-central1/subnetworks/restricted-subnet",
            "stack_type": "IPV4_ONLY",
            "timeouts": null
          },
          "sensitive_attributes": [],
          "private": "eyJlMmJmYjczMC1lY2FhLTExZTYtOGY4OC0zNDM2M2JjN2M0YzAiOnsiY3JlYXRlIjoxMjAwMDAwMDAwMDAwLCJkZWxldGUiOjEyMDAwMDAwMDAwMDAsInVwZGF0ZSI6MTIwMDAwMDAwMDAwMH19",
          "dependencies": [
            "module.VPC.google_compute_network.vpc_network"
          ]
        }
      ]
    }
  ],
  "check_results": null
}
